
Microsoft Visual Studio Solution File, Format Version 12.00
# Visual Studio Version 17
VisualStudioVersion = 17.5.33516.290
MinimumVisualStudioVersion = 10.0.40219.1
Project("{8BC9CEB8-8B4A-11D0-8D11-00A0C91BC942}") = "STATICMEMBER_148", "STATICMEMBER_148\STATICMEMBER_148.vcxproj", "{0EC6E4CB-18AA-44B3-A476-AC0CE7032076}"
EndProject
Project("{8BC9CEB8-8B4A-11D0-8D11-00A0C91BC942}") = "CHAINFUNCTION_148", "CHAINFUNCTION_148\CHAINFUNCTION_148.vcxproj", "{E9C8405D-3F6D-44BC-8699-9A53790331BD}"
EndProject
Project("{8BC9CEB8-8B4A-11D0-8D11-00A0C91BC942}") = "DESTRUKTOR_148", "DESTRUKTOR_148\DESTRUKTOR_148.vcxproj", "{0AA11E97-B5CF-4958-BF70-4C08C653BBE2}"
EndProject
Project("{8BC9CEB8-8B4A-11D0-8D11-00A0C91BC942}") = "Consturctor_148", "Consturctor_148\Consturctor_148.vcxproj", "{D365C1D6-D0A6-49E9-9E6B-DED784C0EF72}"
EndProject
Global
	GlobalSection(SolutionConfigurationPlatforms) = preSolution
		Debug|x64 = Debug|x64
		Debug|x86 = Debug|x86
		Release|x64 = Release|x64
		Release|x86 = Release|x86
	EndGlobalSection
	GlobalSection(ProjectConfigurationPlatforms) = postSolution
		{0EC6E4CB-18AA-44B3-A476-AC0CE7032076}.Debug|x64.ActiveCfg = Debug|x64
		{0EC6E4CB-18AA-44B3-A476-AC0CE7032076}.Debug|x64.Build.0 = Debug|x64
		{0EC6E4CB-18AA-44B3-A476-AC0CE7032076}.Debug|x86.ActiveCfg = Debug|Win32
		{0EC6E4CB-18AA-44B3-A476-AC0CE7032076}.Debug|x86.Build.0 = Debug|Win32
		{0EC6E4CB-18AA-44B3-A476-AC0CE7032076}.Release|x64.ActiveCfg = Release|x64
		{0EC6E4CB-18AA-44B3-A476-AC0CE7032076}.Release|x64.Build.0 = Release|x64
		{0EC6E4CB-18AA-44B3-A476-AC0CE7032076}.Release|x86.ActiveCfg = Release|Win32
		{0EC6E4CB-18AA-44B3-A476-AC0CE7032076}.Release|x86.Build.0 = Release|Win32
		{E9C8405D-3F6D-44BC-8699-9A53790331BD}.Debug|x64.ActiveCfg = Debug|x64
		{E9C8405D-3F6D-44BC-8699-9A53790331BD}.Debug|x64.Build.0 = Debug|x64
		{E9C8405D-3F6D-44BC-8699-9A53790331BD}.Debug|x86.ActiveCfg = Debug|Win32
		{E9C8405D-3F6D-44BC-8699-9A53790331BD}.Debug|x86.Build.0 = Debug|Win32
		{E9C8405D-3F6D-44BC-8699-9A53790331BD}.Release|x64.ActiveCfg = Release|x64
		{E9C8405D-3F6D-44BC-8699-9A53790331BD}.Release|x64.Build.0 = Release|x64
		{E9C8405D-3F6D-44BC-8699-9A53790331BD}.Release|x86.ActiveCfg = Release|Win32
		{E9C8405D-3F6D-44BC-8699-9A53790331BD}.Release|x86.Build.0 = Release|Win32
		{0AA11E97-B5CF-4958-BF70-4C08C653BBE2}.Debug|x64.ActiveCfg = Debug|x64
		{0AA11E97-B5CF-4958-BF70-4C08C653BBE2}.Debug|x64.Build.0 = Debug|x64
		{0AA11E97-B5CF-4958-BF70-4C08C653BBE2}.Debug|x86.ActiveCfg = Debug|Win32
		{0AA11E97-B5CF-4958-BF70-4C08C653BBE2}.Debug|x86.Build.0 = Debug|Win32
		{0AA11E97-B5CF-4958-BF70-4C08C653BBE2}.Release|x64.ActiveCfg = Release|x64
		{0AA11E97-B5CF-4958-BF70-4C08C653BBE2}.Release|x64.Build.0 = Release|x64
		{0AA11E97-B5CF-4958-BF70-4C08C653BBE2}.Release|x86.ActiveCfg = Release|Win32
		{0AA11E97-B5CF-4958-BF70-4C08C653BBE2}.Release|x86.Build.0 = Release|Win32
		{D365C1D6-D0A6-49E9-9E6B-DED784C0EF72}.Debug|x64.ActiveCfg = Debug|x64
		{D365C1D6-D0A6-49E9-9E6B-DED784C0EF72}.Debug|x64.Build.0 = Debug|x64
		{D365C1D6-D0A6-49E9-9E6B-DED784C0EF72}.Debug|x86.ActiveCfg = Debug|Win32
		{D365C1D6-D0A6-49E9-9E6B-DED784C0EF72}.Debug|x86.Build.0 = Debug|Win32
		{D365C1D6-D0A6-49E9-9E6B-DED784C0EF72}.Release|x64.ActiveCfg = Release|x64
		{D365C1D6-D0A6-49E9-9E6B-DED784C0EF72}.Release|x64.Build.0 = Release|x64
		{D365C1D6-D0A6-49E9-9E6B-DED784C0EF72}.Release|x86.ActiveCfg = Release|Win32
		{D365C1D6-D0A6-49E9-9E6B-DED784C0EF72}.Release|x86.Build.0 = Release|Win32
	EndGlobalSection
	GlobalSection(SolutionProperties) = preSolution
		HideSolutionNode = FALSE
	EndGlobalSection
	GlobalSection(ExtensibilityGlobals) = postSolution
		SolutionGuid = {CBB37DDD-70E4-41FB-B856-948B63FA65FE}
	EndGlobalSection
EndGlobal
